<?xml version="1.0" encoding="utf-8"?>
<Project ToolsVersion="4.0" xmlns="http://schemas.microsoft.com/developer/msbuild/2003">
  <ItemGroup>
    <Filter Include="Source Files">
      <UniqueIdentifier>{661e2aeb-4eca-43d8-bd90-7fed1cb74b1d}</UniqueIdentifier>
      <Extensions>cpp;c;cxx;rc;def;r;odl;idl;hpj;bat</Extensions>
    </Filter>
    <Filter Include="Header Files">
      <UniqueIdentifier>{3eca27c1-9c6c-4e99-936c-c51acfa0e682}</UniqueIdentifier>
      <Extensions>h;hpp;hxx;hm;inl</Extensions>
    </Filter>
    <Filter Include="Resource Files">
      <UniqueIdentifier>{9328521f-966f-45c1-82a7-322a557349ca}</UniqueIdentifier>
      <Extensions>ico;cur;bmp;dlg;rc2;rct;bin;rgs;gif;jpg;jpeg;jpe</Extensions>
    </Filter>
  </ItemGroup>
  <ItemGroup>
    <ClCompile Include="main.cpp">
      <Filter>Source Files</Filter>
    </ClCompile>
    <ClCompile Include="OmokBattleSystem.cpp">
      <Filter>Source Files</Filter>
    </ClCompile>
  </ItemGroup>
  <ItemGroup>
    <ClInclude Include="Attack_1.h">
      <Filter>Header Files</Filter>
    </ClInclude>
    <ClInclude Include="Attack_2.h">
      <Filter>Header Files</Filter>
    </ClInclude>
    <ClInclude Include="OmokBattleSystem.h">
      <Filter>Header Files</Filter>
    </ClInclude>
    <ClInclude Include="WHITE_2013180019_OG.h">
      <Filter>Header Files</Filter>
    </ClInclude>
    <ClInclude Include="BLACK_2013180019_OG.h">
      <Filter>Header Files</Filter>
    </ClInclude>
  </ItemGroup>
</Project>