
Microsoft Visual Studio Solution File, Format Version 12.00
# Visual Studio 2013
VisualStudioVersion = 12.0.21005.1
MinimumVisualStudioVersion = 10.0.40219.1
Project("{8BC9CEB8-8B4A-11D0-8D11-00A0C91BC942}") = "AI_OmokBattle_System_", "AI_OmokBattle_System_.vcxproj", "{4DFFC5A9-4F28-4AE7-B55A-CBDD0B4C65CB}"
EndProject
Global
	GlobalSection(SolutionConfigurationPlatforms) = preSolution
		Debug|Win32 = Debug|Win32
		Release|Win32 = Release|Win32
	EndGlobalSection
	GlobalSection(ProjectConfigurationPlatforms) = postSolution
		{4DFFC5A9-4F28-4AE7-B55A-CBDD0B4C65CB}.Debug|Win32.ActiveCfg = Debug|Win32
		{4DFFC5A9-4F28-4AE7-B55A-CBDD0B4C65CB}.Debug|Win32.Build.0 = Debug|Win32
		{4DFFC5A9-4F28-4AE7-B55A-CBDD0B4C65CB}.Release|Win32.ActiveCfg = Release|Win32
		{4DFFC5A9-4F28-4AE7-B55A-CBDD0B4C65CB}.Release|Win32.Build.0 = Release|Win32
	EndGlobalSection
	GlobalSection(SolutionProperties) = preSolution
		HideSolutionNode = FALSE
	EndGlobalSection
EndGlobal
